// !$*UTF8*$!
{
	archiveVersion = 1;
	classes = {
	};
	objectVersion = 77;
	objects = {

/* Begin PBXBuildFile section */
		0A1D9840045078B91E5F3FE1 /* ParquetSession.swift in Sources */ = {isa = PBXBuildFile; fileRef = CB5CBE23DBFEFBAB94B95BB4 /* ParquetSession.swift */; };
		13493DE46A863313EC2F97A6 /* DuckDB in Frameworks */ = {isa = PBXBuildFile; productRef = BADB2EC0AD2DC543D28B7F49 /* DuckDB */; };
		24D053A448D85E5A44411377 /* CellFormatterTests.swift in Sources */ = {isa = PBXBuildFile; fileRef = E05C3603773EEC21BE8059A6 /* CellFormatterTests.swift */; };
		36E19DBCCE0D7E245D170FF6 /* ParquetEngine.swift in Sources */ = {isa = PBXBuildFile; fileRef = CFF4D4DB0A7A0342F0D89ED7 /* ParquetEngine.swift */; };
		3F397659493ECE5C595539DB /* UTType+Parquet.swift in Sources */ = {isa = PBXBuildFile; fileRef = 0B85CAC9A177EDA1206326B2 /* UTType+Parquet.swift */; };
		424AF81B23075D59CE6D52B1 /* RootView.swift in Sources */ = {isa = PBXBuildFile; fileRef = 76F05731AAB29A518D028188 /* RootView.swift */; };
		50811E297F534144F42314F2 /* Assets.xcassets in Resources */ = {isa = PBXBuildFile; fileRef = EA1F73826A0EB3754C3159BC /* Assets.xcassets */; };
		54EC8EC5818816DB2F1659E2 /* SQLQuotes.swift in Sources */ = {isa = PBXBuildFile; fileRef = 86835AB05A72B6F355D79100 /* SQLQuotes.swift */; };
		67423E516286C567F541DBA8 /* SpecPlate.swift in Sources */ = {isa = PBXBuildFile; fileRef = ADDC235D6CE34F095DFE26E5 /* SpecPlate.swift */; };
		78EF594DBA4E6DE799AB3303 /* EmptyDropView.swift in Sources */ = {isa = PBXBuildFile; fileRef = 0C293195E3CEFCF258A93FD0 /* EmptyDropView.swift */; };
		7ACCC2B637F2F69510355816 /* ParquetViewerApp.swift in Sources */ = {isa = PBXBuildFile; fileRef = E7F4EFD87D797A404672B950 /* ParquetViewerApp.swift */; };
		7C30FCFB9839F7F9D1777E6A /* HighlightedSQLEditor.swift in Sources */ = {isa = PBXBuildFile; fileRef = BF7839A2D935647F0B9E8A2E /* HighlightedSQLEditor.swift */; };
		7DEAD5CC9BB27306548423EB /* SQLQuotesTests.swift in Sources */ = {isa = PBXBuildFile; fileRef = 5B0BDF85BE625CE011BC9018 /* SQLQuotesTests.swift */; };
		9641BC93B6AE1CEA8F1EBA74 /* SQLHighlighter.swift in Sources */ = {isa = PBXBuildFile; fileRef = 72E07BDB45BD337608C89B9A /* SQLHighlighter.swift */; };
		A09A9BFDFC3AD55F3FB1C71C /* Workspace.swift in Sources */ = {isa = PBXBuildFile; fileRef = 3B1754078436EB2ECAD665E1 /* Workspace.swift */; };
		A2613963E7A98629D158A61C /* QueryEditor.swift in Sources */ = {isa = PBXBuildFile; fileRef = 2BA0B1BDEDE5EEE1F683C201 /* QueryEditor.swift */; };
		A3C9BA5AB41C3F9F9954576C /* SQLHighlighterTests.swift in Sources */ = {isa = PBXBuildFile; fileRef = 54F5C85A305E1F3C9EA71601 /* SQLHighlighterTests.swift */; };
		BA00DE99C9C4716676DA7CB2 /* TypeChip.swift in Sources */ = {isa = PBXBuildFile; fileRef = FC257A3C49397D84B72AFDD2 /* TypeChip.swift */; };
		C5E259C72500BB7226BA13B6 /* PaginationBar.swift in Sources */ = {isa = PBXBuildFile; fileRef = 43C90C2CECE53FC403CAEC6B /* PaginationBar.swift */; };
		CB6C60EF50F757BE9D4E8C70 /* DuckDB in Frameworks */ = {isa = PBXBuildFile; productRef = 7338F56A3E89EE7DBC33D9A6 /* DuckDB */; };
		D366F9E94BDF90C8BF0E7D28 /* ParquetEngineTests.swift in Sources */ = {isa = PBXBuildFile; fileRef = 3C0BEEB4D111C288E3A91FCB /* ParquetEngineTests.swift */; };
		D47AB6C11168F550A14975E0 /* FilterBar.swift in Sources */ = {isa = PBXBuildFile; fileRef = 427CA002DE64132A818190CF /* FilterBar.swift */; };
		D533E11757651C7D6FC52557 /* DataGridView.swift in Sources */ = {isa = PBXBuildFile; fileRef = B78F85D405101B390CD025F0 /* DataGridView.swift */; };
		DE842400B335C9EC1B2523F3 /* ParquetModels.swift in Sources */ = {isa = PBXBuildFile; fileRef = D760A259CBA76F704CA42A49 /* ParquetModels.swift */; };
		E5DAC6D34988169A778319E4 /* ColumnRail.swift in Sources */ = {isa = PBXBuildFile; fileRef = 4934C77E1E96F9E6F3474995 /* ColumnRail.swift */; };
		EBC5E74C2FDB2C115D50F5C1 /* CellFormatter.swift in Sources */ = {isa = PBXBuildFile; fileRef = 9FA8934854F9329203290E0E /* CellFormatter.swift */; };
		F55DDF176F85FAFE6B40548B /* PanelCloseButton.swift in Sources */ = {isa = PBXBuildFile; fileRef = D7689489055948032B33213A /* PanelCloseButton.swift */; };
		F6E7525E48E9444E4CA9B47E /* InspectorView.swift in Sources */ = {isa = PBXBuildFile; fileRef = AABEEC73A7AA0966EFEE2E9F /* InspectorView.swift */; };
		FC4AB00446C415AF6CDB7C07 /* AppTheme.swift in Sources */ = {isa = PBXBuildFile; fileRef = B800BE93A4AA6B2A6101C10E /* AppTheme.swift */; };
/* End PBXBuildFile section */

/* Begin PBXContainerItemProxy section */
		33BEE573F789B8E985F4F948 /* PBXContainerItemProxy */ = {
			isa = PBXContainerItemProxy;
			containerPortal = AEC3C591F403ABEBCEE046C1 /* Project object */;
			proxyType = 1;
			remoteGlobalIDString = B5E322128EE2D6454583693D;
			remoteInfo = ParquetViewer;
		};
/* End PBXContainerItemProxy section */

/* Begin PBXFileReference section */
		0B85CAC9A177EDA1206326B2 /* UTType+Parquet.swift */ = {isa = PBXFileReference; lastKnownFileType = sourcecode.swift; path = "UTType+Parquet.swift"; sourceTree = "<group>"; };
		0C293195E3CEFCF258A93FD0 /* EmptyDropView.swift */ = {isa = PBXFileReference; lastKnownFileType = sourcecode.swift; path = EmptyDropView.swift; sourceTree = "<group>"; };
		1165F4DA5158B978DDC9535C /* ParquetViewerTests.xctest */ = {isa = PBXFileReference; explicitFileType = wrapper.cfbundle; includeInIndex = 0; path = ParquetViewerTests.xctest; sourceTree = BUILT_PRODUCTS_DIR; };
		233BA44BEC2A838077548FB9 /* ParquetViewer.app */ = {isa = PBXFileReference; explicitFileType = wrapper.application; includeInIndex = 0; path = ParquetViewer.app; sourceTree = BUILT_PRODUCTS_DIR; };
		2BA0B1BDEDE5EEE1F683C201 /* QueryEditor.swift */ = {isa = PBXFileReference; lastKnownFileType = sourcecode.swift; path = QueryEditor.swift; sourceTree = "<group>"; };
		3B1754078436EB2ECAD665E1 /* Workspace.swift */ = {isa = PBXFileReference; lastKnownFileType = sourcecode.swift; path = Workspace.swift; sourceTree = "<group>"; };
		3C0BEEB4D111C288E3A91FCB /* ParquetEngineTests.swift */ = {isa = PBXFileReference; lastKnownFileType = sourcecode.swift; path = ParquetEngineTests.swift; sourceTree = "<group>"; };
		427CA002DE64132A818190CF /* FilterBar.swift */ = {isa = PBXFileReference; lastKnownFileType = sourcecode.swift; path = FilterBar.swift; sourceTree = "<group>"; };
		43C90C2CECE53FC403CAEC6B /* PaginationBar.swift */ = {isa = PBXFileReference; lastKnownFileType = sourcecode.swift; path = PaginationBar.swift; sourceTree = "<group>"; };
		4934C77E1E96F9E6F3474995 /* ColumnRail.swift */ = {isa = PBXFileReference; lastKnownFileType = sourcecode.swift; path = ColumnRail.swift; sourceTree = "<group>"; };
		54F5C85A305E1F3C9EA71601 /* SQLHighlighterTests.swift */ = {isa = PBXFileReference; lastKnownFileType = sourcecode.swift; path = SQLHighlighterTests.swift; sourceTree = "<group>"; };
		5B0BDF85BE625CE011BC9018 /* SQLQuotesTests.swift */ = {isa = PBXFileReference; lastKnownFileType = sourcecode.swift; path = SQLQuotesTests.swift; sourceTree = "<group>"; };
		72E07BDB45BD337608C89B9A /* SQLHighlighter.swift */ = {isa = PBXFileReference; lastKnownFileType = sourcecode.swift; path = SQLHighlighter.swift; sourceTree = "<group>"; };
		76F05731AAB29A518D028188 /* RootView.swift */ = {isa = PBXFileReference; lastKnownFileType = sourcecode.swift; path = RootView.swift; sourceTree = "<group>"; };
		86835AB05A72B6F355D79100 /* SQLQuotes.swift */ = {isa = PBXFileReference; lastKnownFileType = sourcecode.swift; path = SQLQuotes.swift; sourceTree = "<group>"; };
		9FA8934854F9329203290E0E /* CellFormatter.swift */ = {isa = PBXFileReference; lastKnownFileType = sourcecode.swift; path = CellFormatter.swift; sourceTree = "<group>"; };
		AABEEC73A7AA0966EFEE2E9F /* InspectorView.swift */ = {isa = PBXFileReference; lastKnownFileType = sourcecode.swift; path = InspectorView.swift; sourceTree = "<group>"; };
		ADDC235D6CE34F095DFE26E5 /* SpecPlate.swift */ = {isa = PBXFileReference; lastKnownFileType = sourcecode.swift; path = SpecPlate.swift; sourceTree = "<group>"; };
		B78F85D405101B390CD025F0 /* DataGridView.swift */ = {isa = PBXFileReference; lastKnownFileType = sourcecode.swift; path = DataGridView.swift; sourceTree = "<group>"; };
		B800BE93A4AA6B2A6101C10E /* AppTheme.swift */ = {isa = PBXFileReference; lastKnownFileType = sourcecode.swift; path = AppTheme.swift; sourceTree = "<group>"; };
		BF7839A2D935647F0B9E8A2E /* HighlightedSQLEditor.swift */ = {isa = PBXFileReference; lastKnownFileType = sourcecode.swift; path = HighlightedSQLEditor.swift; sourceTree = "<group>"; };
		CB5CBE23DBFEFBAB94B95BB4 /* ParquetSession.swift */ = {isa = PBXFileReference; lastKnownFileType = sourcecode.swift; path = ParquetSession.swift; sourceTree = "<group>"; };
		CFF4D4DB0A7A0342F0D89ED7 /* ParquetEngine.swift */ = {isa = PBXFileReference; lastKnownFileType = sourcecode.swift; path = ParquetEngine.swift; sourceTree = "<group>"; };
		D760A259CBA76F704CA42A49 /* ParquetModels.swift */ = {isa = PBXFileReference; lastKnownFileType = sourcecode.swift; path = ParquetModels.swift; sourceTree = "<group>"; };
		D7689489055948032B33213A /* PanelCloseButton.swift */ = {isa = PBXFileReference; lastKnownFileType = sourcecode.swift; path = PanelCloseButton.swift; sourceTree = "<group>"; };
		E05C3603773EEC21BE8059A6 /* CellFormatterTests.swift */ = {isa = PBXFileReference; lastKnownFileType = sourcecode.swift; path = CellFormatterTests.swift; sourceTree = "<group>"; };
		E7F4EFD87D797A404672B950 /* ParquetViewerApp.swift */ = {isa = PBXFileReference; lastKnownFileType = sourcecode.swift; path = ParquetViewerApp.swift; sourceTree = "<group>"; };
		EA1F73826A0EB3754C3159BC /* Assets.xcassets */ = {isa = PBXFileReference; lastKnownFileType = folder.assetcatalog; path = Assets.xcassets; sourceTree = "<group>"; };
		FC257A3C49397D84B72AFDD2 /* TypeChip.swift */ = {isa = PBXFileReference; lastKnownFileType = sourcecode.swift; path = TypeChip.swift; sourceTree = "<group>"; };
/* End PBXFileReference section */

/* Begin PBXFrameworksBuildPhase section */
		01AEDC44F328D91FEB9E75D6 /* Frameworks */ = {
			isa = PBXFrameworksBuildPhase;
			buildActionMask = 2147483647;
			files = (
				CB6C60EF50F757BE9D4E8C70 /* DuckDB in Frameworks */,
			);
			runOnlyForDeploymentPostprocessing = 0;
		};
		6534EC764C66474A53253350 /* Frameworks */ = {
			isa = PBXFrameworksBuildPhase;
			buildActionMask = 2147483647;
			files = (
				13493DE46A863313EC2F97A6 /* DuckDB in Frameworks */,
			);
			runOnlyForDeploymentPostprocessing = 0;
		};
/* End PBXFrameworksBuildPhase section */

/* Begin PBXGroup section */
		0F9D37DBC5D8779F09FABA79 /* Engine */ = {
			isa = PBXGroup;
			children = (
				9FA8934854F9329203290E0E /* CellFormatter.swift */,
				CFF4D4DB0A7A0342F0D89ED7 /* ParquetEngine.swift */,
				D760A259CBA76F704CA42A49 /* ParquetModels.swift */,
				72E07BDB45BD337608C89B9A /* SQLHighlighter.swift */,
				86835AB05A72B6F355D79100 /* SQLQuotes.swift */,
			);
			path = Engine;
			sourceTree = "<group>";
		};
		4BDEDF74179AE3559C7E58DA /* App */ = {
			isa = PBXGroup;
			children = (
				B800BE93A4AA6B2A6101C10E /* AppTheme.swift */,
				E7F4EFD87D797A404672B950 /* ParquetViewerApp.swift */,
			);
			path = App;
			sourceTree = "<group>";
		};
		5515C02DA85A2D1A9DE47A82 /* Products */ = {
			isa = PBXGroup;
			children = (
				233BA44BEC2A838077548FB9 /* ParquetViewer.app */,
				1165F4DA5158B978DDC9535C /* ParquetViewerTests.xctest */,
			);
			name = Products;
			sourceTree = "<group>";
		};
		AF73EE15096BDB26DD9F8EA0 /* Documents */ = {
			isa = PBXGroup;
			children = (
				0B85CAC9A177EDA1206326B2 /* UTType+Parquet.swift */,
			);
			path = Documents;
			sourceTree = "<group>";
		};
		B23F550030888AC59C1FD685 /* Resources */ = {
			isa = PBXGroup;
			children = (
				EA1F73826A0EB3754C3159BC /* Assets.xcassets */,
			);
			path = Resources;
			sourceTree = "<group>";
		};
		B305631279919FE28420EAAA /* Views */ = {
			isa = PBXGroup;
			children = (
				4934C77E1E96F9E6F3474995 /* ColumnRail.swift */,
				B78F85D405101B390CD025F0 /* DataGridView.swift */,
				0C293195E3CEFCF258A93FD0 /* EmptyDropView.swift */,
				427CA002DE64132A818190CF /* FilterBar.swift */,
				BF7839A2D935647F0B9E8A2E /* HighlightedSQLEditor.swift */,
				AABEEC73A7AA0966EFEE2E9F /* InspectorView.swift */,
				43C90C2CECE53FC403CAEC6B /* PaginationBar.swift */,
				D7689489055948032B33213A /* PanelCloseButton.swift */,
				2BA0B1BDEDE5EEE1F683C201 /* QueryEditor.swift */,
				76F05731AAB29A518D028188 /* RootView.swift */,
				ADDC235D6CE34F095DFE26E5 /* SpecPlate.swift */,
				FC257A3C49397D84B72AFDD2 /* TypeChip.swift */,
			);
			path = Views;
			sourceTree = "<group>";
		};
		B6FCD4063A7C3443451CDF8E /* ParquetViewer */ = {
			isa = PBXGroup;
			children = (
				4BDEDF74179AE3559C7E58DA /* App */,
				AF73EE15096BDB26DD9F8EA0 /* Documents */,
				0F9D37DBC5D8779F09FABA79 /* Engine */,
				B23F550030888AC59C1FD685 /* Resources */,
				BC81F6A97B8E9837EF761E00 /* Session */,
				B305631279919FE28420EAAA /* Views */,
			);
			path = ParquetViewer;
			sourceTree = "<group>";
		};
		BC81F6A97B8E9837EF761E00 /* Session */ = {
			isa = PBXGroup;
			children = (
				CB5CBE23DBFEFBAB94B95BB4 /* ParquetSession.swift */,
				3B1754078436EB2ECAD665E1 /* Workspace.swift */,
			);
			path = Session;
			sourceTree = "<group>";
		};
		C7541B3F375F5F6D6E626DE3 /* ParquetViewerTests */ = {
			isa = PBXGroup;
			children = (
				E05C3603773EEC21BE8059A6 /* CellFormatterTests.swift */,
				3C0BEEB4D111C288E3A91FCB /* ParquetEngineTests.swift */,
				54F5C85A305E1F3C9EA71601 /* SQLHighlighterTests.swift */,
				5B0BDF85BE625CE011BC9018 /* SQLQuotesTests.swift */,
			);
			path = ParquetViewerTests;
			sourceTree = "<group>";
		};
		E6C5D95C4890A095344F03D0 = {
			isa = PBXGroup;
			children = (
				B6FCD4063A7C3443451CDF8E /* ParquetViewer */,
				C7541B3F375F5F6D6E626DE3 /* ParquetViewerTests */,
				5515C02DA85A2D1A9DE47A82 /* Products */,
			);
			sourceTree = "<group>";
		};
/* End PBXGroup section */

/* Begin PBXNativeTarget section */
		2FDD9D16749B8ECB4B9C0E39 /* ParquetViewerTests */ = {
			isa = PBXNativeTarget;
			buildConfigurationList = B6C63A1474B5815D3CC15F0A /* Build configuration list for PBXNativeTarget "ParquetViewerTests" */;
			buildPhases = (
				25A8A5BDA2A1CE8B775927C4 /* Sources */,
				01AEDC44F328D91FEB9E75D6 /* Frameworks */,
			);
			buildRules = (
			);
			dependencies = (
				66D9CDFA0469966B695E4958 /* PBXTargetDependency */,
			);
			name = ParquetViewerTests;
			packageProductDependencies = (
				7338F56A3E89EE7DBC33D9A6 /* DuckDB */,
			);
			productName = ParquetViewerTests;
			productReference = 1165F4DA5158B978DDC9535C /* ParquetViewerTests.xctest */;
			productType = "com.apple.product-type.bundle.unit-test";
		};
		B5E322128EE2D6454583693D /* ParquetViewer */ = {
			isa = PBXNativeTarget;
			buildConfigurationList = 3A3FEF3FFD8CAB6F7A18D455 /* Build configuration list for PBXNativeTarget "ParquetViewer" */;
			buildPhases = (
				D2B59EA5DE54EEDEC5548479 /* Sources */,
				B23D4A396828D614CBB679A1 /* Resources */,
				6534EC764C66474A53253350 /* Frameworks */,
			);
			buildRules = (
			);
			dependencies = (
			);
			name = ParquetViewer;
			packageProductDependencies = (
				BADB2EC0AD2DC543D28B7F49 /* DuckDB */,
			);
			productName = ParquetViewer;
			productReference = 233BA44BEC2A838077548FB9 /* ParquetViewer.app */;
			productType = "com.apple.product-type.application";
		};
/* End PBXNativeTarget section */

/* Begin PBXProject section */
		AEC3C591F403ABEBCEE046C1 /* Project object */ = {
			isa = PBXProject;
			attributes = {
				BuildIndependentTargetsInParallel = YES;
				LastUpgradeCheck = 1600;
				TargetAttributes = {
					2FDD9D16749B8ECB4B9C0E39 = {
						DevelopmentTeam = "";
					};
					B5E322128EE2D6454583693D = {
						DevelopmentTeam = "";
						ProvisioningStyle = Automatic;
					};
				};
			};
			buildConfigurationList = 9107BCA9C0D634597257EE0F /* Build configuration list for PBXProject "ParquetViewer" */;
			developmentRegion = en;
			hasScannedForEncodings = 0;
			knownRegions = (
				Base,
				en,
			);
			mainGroup = E6C5D95C4890A095344F03D0;
			minimizedProjectReferenceProxies = 1;
			packageReferences = (
				0CCD39C9FBDB09C287E3E939 /* XCRemoteSwiftPackageReference "duckdb-swift" */,
			);
			preferredProjectObjectVersion = 77;
			productRefGroup = 5515C02DA85A2D1A9DE47A82 /* Products */;
			projectDirPath = "";
			projectRoot = "";
			targets = (
				B5E322128EE2D6454583693D /* ParquetViewer */,
				2FDD9D16749B8ECB4B9C0E39 /* ParquetViewerTests */,
			);
		};
/* End PBXProject section */

/* Begin PBXResourcesBuildPhase section */
		B23D4A396828D614CBB679A1 /* Resources */ = {
			isa = PBXResourcesBuildPhase;
			buildActionMask = 2147483647;
			files = (
				50811E297F534144F42314F2 /* Assets.xcassets in Resources */,
			);
			runOnlyForDeploymentPostprocessing = 0;
		};
/* End PBXResourcesBuildPhase section */

/* Begin PBXSourcesBuildPhase section */
		25A8A5BDA2A1CE8B775927C4 /* Sources */ = {
			isa = PBXSourcesBuildPhase;
			buildActionMask = 2147483647;
			files = (
				24D053A448D85E5A44411377 /* CellFormatterTests.swift in Sources */,
				D366F9E94BDF90C8BF0E7D28 /* ParquetEngineTests.swift in Sources */,
				A3C9BA5AB41C3F9F9954576C /* SQLHighlighterTests.swift in Sources */,
				7DEAD5CC9BB27306548423EB /* SQLQuotesTests.swift in Sources */,
			);
			runOnlyForDeploymentPostprocessing = 0;
		};
		D2B59EA5DE54EEDEC5548479 /* Sources */ = {
			isa = PBXSourcesBuildPhase;
			buildActionMask = 2147483647;
			files = (
				FC4AB00446C415AF6CDB7C07 /* AppTheme.swift in Sources */,
				EBC5E74C2FDB2C115D50F5C1 /* CellFormatter.swift in Sources */,
				E5DAC6D34988169A778319E4 /* ColumnRail.swift in Sources */,
				D533E11757651C7D6FC52557 /* DataGridView.swift in Sources */,
				78EF594DBA4E6DE799AB3303 /* EmptyDropView.swift in Sources */,
				D47AB6C11168F550A14975E0 /* FilterBar.swift in Sources */,
				7C30FCFB9839F7F9D1777E6A /* HighlightedSQLEditor.swift in Sources */,
				F6E7525E48E9444E4CA9B47E /* InspectorView.swift in Sources */,
				C5E259C72500BB7226BA13B6 /* PaginationBar.swift in Sources */,
				F55DDF176F85FAFE6B40548B /* PanelCloseButton.swift in Sources */,
				36E19DBCCE0D7E245D170FF6 /* ParquetEngine.swift in Sources */,
				DE842400B335C9EC1B2523F3 /* ParquetModels.swift in Sources */,
				0A1D9840045078B91E5F3FE1 /* ParquetSession.swift in Sources */,
				7ACCC2B637F2F69510355816 /* ParquetViewerApp.swift in Sources */,
				A2613963E7A98629D158A61C /* QueryEditor.swift in Sources */,
				424AF81B23075D59CE6D52B1 /* RootView.swift in Sources */,
				9641BC93B6AE1CEA8F1EBA74 /* SQLHighlighter.swift in Sources */,
				54EC8EC5818816DB2F1659E2 /* SQLQuotes.swift in Sources */,
				67423E516286C567F541DBA8 /* SpecPlate.swift in Sources */,
				BA00DE99C9C4716676DA7CB2 /* TypeChip.swift in Sources */,
				3F397659493ECE5C595539DB /* UTType+Parquet.swift in Sources */,
				A09A9BFDFC3AD55F3FB1C71C /* Workspace.swift in Sources */,
			);
			runOnlyForDeploymentPostprocessing = 0;
		};
/* End PBXSourcesBuildPhase section */

/* Begin PBXTargetDependency section */
		66D9CDFA0469966B695E4958 /* PBXTargetDependency */ = {
			isa = PBXTargetDependency;
			target = B5E322128EE2D6454583693D /* ParquetViewer */;
			targetProxy = 33BEE573F789B8E985F4F948 /* PBXContainerItemProxy */;
		};
/* End PBXTargetDependency section */

/* Begin XCBuildConfiguration section */
		20C84089A1CA13857CB31A25 /* Release */ = {
			isa = XCBuildConfiguration;
			buildSettings = {
				ALWAYS_SEARCH_USER_PATHS = NO;
				CLANG_ANALYZER_NONNULL = YES;
				CLANG_ANALYZER_NUMBER_OBJECT_CONVERSION = YES_AGGRESSIVE;
				CLANG_CXX_LANGUAGE_STANDARD = "gnu++14";
				CLANG_CXX_LIBRARY = "libc++";
				CLANG_ENABLE_MODULES = YES;
				CLANG_ENABLE_OBJC_ARC = YES;
				CLANG_ENABLE_OBJC_WEAK = YES;
				CLANG_WARN_BLOCK_CAPTURE_AUTORELEASING = YES;
				CLANG_WARN_BOOL_CONVERSION = YES;
				CLANG_WARN_COMMA = YES;
				CLANG_WARN_CONSTANT_CONVERSION = YES;
				CLANG_WARN_DEPRECATED_OBJC_IMPLEMENTATIONS = YES;
				CLANG_WARN_DIRECT_OBJC_ISA_USAGE = YES_ERROR;
				CLANG_WARN_DOCUMENTATION_COMMENTS = YES;
				CLANG_WARN_EMPTY_BODY = YES;
				CLANG_WARN_ENUM_CONVERSION = YES;
				CLANG_WARN_INFINITE_RECURSION = YES;
				CLANG_WARN_INT_CONVERSION = YES;
				CLANG_WARN_NON_LITERAL_NULL_CONVERSION = YES;
				CLANG_WARN_OBJC_IMPLICIT_RETAIN_SELF = YES;
				CLANG_WARN_OBJC_LITERAL_CONVERSION = YES;
				CLANG_WARN_OBJC_ROOT_CLASS = YES_ERROR;
				CLANG_WARN_QUOTED_INCLUDE_IN_FRAMEWORK_HEADER = YES;
				CLANG_WARN_RANGE_LOOP_ANALYSIS = YES;
				CLANG_WARN_STRICT_PROTOTYPES = YES;
				CLANG_WARN_SUSPICIOUS_MOVE = YES;
				CLANG_WARN_UNGUARDED_AVAILABILITY = YES_AGGRESSIVE;
				CLANG_WARN_UNREACHABLE_CODE = YES;
				CLANG_WARN__DUPLICATE_METHOD_MATCH = YES;
				COPY_PHASE_STRIP = NO;
				DEBUG_INFORMATION_FORMAT = "dwarf-with-dsym";
				DEVELOPMENT_TEAM = "";
				ENABLE_NS_ASSERTIONS = NO;
				ENABLE_STRICT_OBJC_MSGSEND = YES;
				GCC_C_LANGUAGE_STANDARD = gnu11;
				GCC_NO_COMMON_BLOCKS = YES;
				GCC_WARN_64_TO_32_BIT_CONVERSION = YES;
				GCC_WARN_ABOUT_RETURN_TYPE = YES_ERROR;
				GCC_WARN_UNDECLARED_SELECTOR = YES;
				GCC_WARN_UNINITIALIZED_AUTOS = YES_AGGRESSIVE;
				GCC_WARN_UNUSED_FUNCTION = YES;
				GCC_WARN_UNUSED_VARIABLE = YES;
				MACOSX_DEPLOYMENT_TARGET = 15.0;
				MTL_ENABLE_DEBUG_INFO = NO;
				MTL_FAST_MATH = YES;
				PRODUCT_NAME = "$(TARGET_NAME)";
				SDKROOT = macosx;
				SWIFT_COMPILATION_MODE = wholemodule;
				SWIFT_OPTIMIZATION_LEVEL = "-O";
				SWIFT_VERSION = 6.0;
			};
			name = Release;
		};
		3C8B746831B3DFE1082D65B4 /* Release */ = {
			isa = XCBuildConfiguration;
			buildSettings = {
				BUNDLE_LOADER = "$(TEST_HOST)";
				COMBINE_HIDPI_IMAGES = YES;
				GENERATE_INFOPLIST_FILE = YES;
				LD_RUNPATH_SEARCH_PATHS = (
					"$(inherited)",
					"@executable_path/../Frameworks",
					"@loader_path/../Frameworks",
				);
				PRODUCT_BUNDLE_IDENTIFIER = dev.boris.ParquetViewerTests;
				SDKROOT = macosx;
				SWIFT_STRICT_CONCURRENCY = complete;
				TEST_HOST = "$(BUILT_PRODUCTS_DIR)/Parquet Viewer.app/Contents/MacOS/Parquet Viewer";
			};
			name = Release;
		};
		4C27FDBEE198B1CF588ED895 /* Release */ = {
			isa = XCBuildConfiguration;
			buildSettings = {
				ASSETCATALOG_COMPILER_APPICON_NAME = AppIcon;
				CODE_SIGN_ENTITLEMENTS = ParquetViewer/Resources/ParquetViewer.entitlements;
				CODE_SIGN_STYLE = Automatic;
				COMBINE_HIDPI_IMAGES = YES;
				CURRENT_PROJECT_VERSION = 1;
				ENABLE_HARDENED_RUNTIME = YES;
				ENABLE_TESTABILITY = YES;
				GENERATE_INFOPLIST_FILE = NO;
				INFOPLIST_FILE = ParquetViewer/Resources/Info.plist;
				LD_RUNPATH_SEARCH_PATHS = "$(inherited) @executable_path/../Frameworks";
				MARKETING_VERSION = 0.1.0;
				PRODUCT_BUNDLE_IDENTIFIER = dev.boris.ParquetViewer;
				PRODUCT_MODULE_NAME = ParquetViewer;
				PRODUCT_NAME = "Parquet Viewer";
				SDKROOT = macosx;
				SWIFT_STRICT_CONCURRENCY = complete;
			};
			name = Release;
		};
		540EB17C87165A8D33FD7ABA /* Debug */ = {
			isa = XCBuildConfiguration;
			buildSettings = {
				BUNDLE_LOADER = "$(TEST_HOST)";
				COMBINE_HIDPI_IMAGES = YES;
				GENERATE_INFOPLIST_FILE = YES;
				LD_RUNPATH_SEARCH_PATHS = (
					"$(inherited)",
					"@executable_path/../Frameworks",
					"@loader_path/../Frameworks",
				);
				PRODUCT_BUNDLE_IDENTIFIER = dev.boris.ParquetViewerTests;
				SDKROOT = macosx;
				SWIFT_STRICT_CONCURRENCY = complete;
				TEST_HOST = "$(BUILT_PRODUCTS_DIR)/Parquet Viewer.app/Contents/MacOS/Parquet Viewer";
			};
			name = Debug;
		};
		79ACD846548694F94ACC7CAC /* Debug */ = {
			isa = XCBuildConfiguration;
			buildSettings = {
				ALWAYS_SEARCH_USER_PATHS = NO;
				CLANG_ANALYZER_NONNULL = YES;
				CLANG_ANALYZER_NUMBER_OBJECT_CONVERSION = YES_AGGRESSIVE;
				CLANG_CXX_LANGUAGE_STANDARD = "gnu++14";
				CLANG_CXX_LIBRARY = "libc++";
				CLANG_ENABLE_MODULES = YES;
				CLANG_ENABLE_OBJC_ARC = YES;
				CLANG_ENABLE_OBJC_WEAK = YES;
				CLANG_WARN_BLOCK_CAPTURE_AUTORELEASING = YES;
				CLANG_WARN_BOOL_CONVERSION = YES;
				CLANG_WARN_COMMA = YES;
				CLANG_WARN_CONSTANT_CONVERSION = YES;
				CLANG_WARN_DEPRECATED_OBJC_IMPLEMENTATIONS = YES;
				CLANG_WARN_DIRECT_OBJC_ISA_USAGE = YES_ERROR;
				CLANG_WARN_DOCUMENTATION_COMMENTS = YES;
				CLANG_WARN_EMPTY_BODY = YES;
				CLANG_WARN_ENUM_CONVERSION = YES;
				CLANG_WARN_INFINITE_RECURSION = YES;
				CLANG_WARN_INT_CONVERSION = YES;
				CLANG_WARN_NON_LITERAL_NULL_CONVERSION = YES;
				CLANG_WARN_OBJC_IMPLICIT_RETAIN_SELF = YES;
				CLANG_WARN_OBJC_LITERAL_CONVERSION = YES;
				CLANG_WARN_OBJC_ROOT_CLASS = YES_ERROR;
				CLANG_WARN_QUOTED_INCLUDE_IN_FRAMEWORK_HEADER = YES;
				CLANG_WARN_RANGE_LOOP_ANALYSIS = YES;
				CLANG_WARN_STRICT_PROTOTYPES = YES;
				CLANG_WARN_SUSPICIOUS_MOVE = YES;
				CLANG_WARN_UNGUARDED_AVAILABILITY = YES_AGGRESSIVE;
				CLANG_WARN_UNREACHABLE_CODE = YES;
				CLANG_WARN__DUPLICATE_METHOD_MATCH = YES;
				COPY_PHASE_STRIP = NO;
				DEBUG_INFORMATION_FORMAT = dwarf;
				DEVELOPMENT_TEAM = "";
				ENABLE_STRICT_OBJC_MSGSEND = YES;
				ENABLE_TESTABILITY = YES;
				GCC_C_LANGUAGE_STANDARD = gnu11;
				GCC_DYNAMIC_NO_PIC = NO;
				GCC_NO_COMMON_BLOCKS = YES;
				GCC_OPTIMIZATION_LEVEL = 0;
				GCC_PREPROCESSOR_DEFINITIONS = (
					"$(inherited)",
					"DEBUG=1",
				);
				GCC_WARN_64_TO_32_BIT_CONVERSION = YES;
				GCC_WARN_ABOUT_RETURN_TYPE = YES_ERROR;
				GCC_WARN_UNDECLARED_SELECTOR = YES;
				GCC_WARN_UNINITIALIZED_AUTOS = YES_AGGRESSIVE;
				GCC_WARN_UNUSED_FUNCTION = YES;
				GCC_WARN_UNUSED_VARIABLE = YES;
				MACOSX_DEPLOYMENT_TARGET = 15.0;
				MTL_ENABLE_DEBUG_INFO = INCLUDE_SOURCE;
				MTL_FAST_MATH = YES;
				ONLY_ACTIVE_ARCH = YES;
				PRODUCT_NAME = "$(TARGET_NAME)";
				SDKROOT = macosx;
				SWIFT_ACTIVE_COMPILATION_CONDITIONS = DEBUG;
				SWIFT_OPTIMIZATION_LEVEL = "-Onone";
				SWIFT_VERSION = 6.0;
			};
			name = Debug;
		};
		C66B432806ED97AFD29AD162 /* Debug */ = {
			isa = XCBuildConfiguration;
			buildSettings = {
				ASSETCATALOG_COMPILER_APPICON_NAME = AppIcon;
				CODE_SIGN_ENTITLEMENTS = ParquetViewer/Resources/ParquetViewer.entitlements;
				CODE_SIGN_STYLE = Automatic;
				COMBINE_HIDPI_IMAGES = YES;
				CURRENT_PROJECT_VERSION = 1;
				ENABLE_HARDENED_RUNTIME = YES;
				ENABLE_TESTABILITY = YES;
				GENERATE_INFOPLIST_FILE = NO;
				INFOPLIST_FILE = ParquetViewer/Resources/Info.plist;
				LD_RUNPATH_SEARCH_PATHS = "$(inherited) @executable_path/../Frameworks";
				MARKETING_VERSION = 0.1.0;
				PRODUCT_BUNDLE_IDENTIFIER = dev.boris.ParquetViewer;
				PRODUCT_MODULE_NAME = ParquetViewer;
				PRODUCT_NAME = "Parquet Viewer";
				SDKROOT = macosx;
				SWIFT_STRICT_CONCURRENCY = complete;
			};
			name = Debug;
		};
/* End XCBuildConfiguration section */

/* Begin XCConfigurationList section */
		3A3FEF3FFD8CAB6F7A18D455 /* Build configuration list for PBXNativeTarget "ParquetViewer" */ = {
			isa = XCConfigurationList;
			buildConfigurations = (
				C66B432806ED97AFD29AD162 /* Debug */,
				4C27FDBEE198B1CF588ED895 /* Release */,
			);
			defaultConfigurationIsVisible = 0;
			defaultConfigurationName = Debug;
		};
		9107BCA9C0D634597257EE0F /* Build configuration list for PBXProject "ParquetViewer" */ = {
			isa = XCConfigurationList;
			buildConfigurations = (
				79ACD846548694F94ACC7CAC /* Debug */,
				20C84089A1CA13857CB31A25 /* Release */,
			);
			defaultConfigurationIsVisible = 0;
			defaultConfigurationName = Debug;
		};
		B6C63A1474B5815D3CC15F0A /* Build configuration list for PBXNativeTarget "ParquetViewerTests" */ = {
			isa = XCConfigurationList;
			buildConfigurations = (
				540EB17C87165A8D33FD7ABA /* Debug */,
				3C8B746831B3DFE1082D65B4 /* Release */,
			);
			defaultConfigurationIsVisible = 0;
			defaultConfigurationName = Debug;
		};
/* End XCConfigurationList section */

/* Begin XCRemoteSwiftPackageReference section */
		0CCD39C9FBDB09C287E3E939 /* XCRemoteSwiftPackageReference "duckdb-swift" */ = {
			isa = XCRemoteSwiftPackageReference;
			repositoryURL = "https://github.com/duckdb/duckdb-swift";
			requirement = {
				kind = upToNextMajorVersion;
				minimumVersion = 1.1.0;
			};
		};
/* End XCRemoteSwiftPackageReference section */

/* Begin XCSwiftPackageProductDependency section */
		7338F56A3E89EE7DBC33D9A6 /* DuckDB */ = {
			isa = XCSwiftPackageProductDependency;
			package = 0CCD39C9FBDB09C287E3E939 /* XCRemoteSwiftPackageReference "duckdb-swift" */;
			productName = DuckDB;
		};
		BADB2EC0AD2DC543D28B7F49 /* DuckDB */ = {
			isa = XCSwiftPackageProductDependency;
			package = 0CCD39C9FBDB09C287E3E939 /* XCRemoteSwiftPackageReference "duckdb-swift" */;
			productName = DuckDB;
		};
/* End XCSwiftPackageProductDependency section */
	};
	rootObject = AEC3C591F403ABEBCEE046C1 /* Project object */;
}
